{
  "name": "frontend",
  "lockfileVersion": 3,
  "requires": true,
  "packages": {
    "": {
      "dependencies": {
        "23": "^0.0.0"
      }
    },
    "node_modules/23": {
      "version": "0.0.0",
      "resolved": "https://registry.npmjs.org/23/-/23-0.0.0.tgz",
      "integrity": "sha512-uAETf9Okr72trtp1pNXYKhFCTTI1EKGcYMA8gw3jLGhlbaDX+grrNToEWrpt8luxRAvrZWBTvyB5wk3PpNjGQQ==",
      "license": "ISC"
    }
  }
}
